// !$*UTF8*$!
{
	archiveVersion = 1;
	classes = {
	};
	objectVersion = 56;
	objects = {

/* Begin PBXBuildFile section */
		21AF953B2C26EEAE002E6CFA /* AppDelegate.swift in Sources */ = {isa = PBXBuildFile; fileRef = 21AF953A2C26EEAE002E6CFA /* AppDelegate.swift */; };
		21AF953D2C26EEAE002E6CFA /* SceneDelegate.swift in Sources */ = {isa = PBXBuildFile; fileRef = 21AF953C2C26EEAE002E6CFA /* SceneDelegate.swift */; };
		21AF953F2C26EEAE002E6CFA /* ViewController.swift in Sources */ = {isa = PBXBuildFile; fileRef = 21AF953E2C26EEAE002E6CFA /* ViewController.swift */; };
		21AF95422C26EEAE002E6CFA /* Base in Resources */ = {isa = PBXBuildFile; fileRef = 21AF95412C26EEAE002E6CFA /* Base */; };
		21AF95442C26EEAF002E6CFA /* Assets.xcassets in Resources */ = {isa = PBXBuildFile; fileRef = 21AF95432C26EEAF002E6CFA /* Assets.xcassets */; };
		21AF95472C26EEAF002E6CFA /* Base in Resources */ = {isa = PBXBuildFile; fileRef = 21AF95462C26EEAF002E6CFA /* Base */; };
		21AF95522C26EEAF002E6CFA /* CounterTests.swift in Sources */ = {isa = PBXBuildFile; fileRef = 21AF95512C26EEAF002E6CFA /* CounterTests.swift */; };
		21AF955C2C26EEAF002E6CFA /* CounterUITests.swift in Sources */ = {isa = PBXBuildFile; fileRef = 21AF955B2C26EEAF002E6CFA /* CounterUITests.swift */; };
		21AF955E2C26EEAF002E6CFA /* CounterUITestsLaunchTests.swift in Sources */ = {isa = PBXBuildFile; fileRef = 21AF955D2C26EEAF002E6CFA /* CounterUITestsLaunchTests.swift */; };
/* End PBXBuildFile section */

/* Begin PBXContainerItemProxy section */
		21AF954E2C26EEAF002E6CFA /* PBXContainerItemProxy */ = {
			isa = PBXContainerItemProxy;
			containerPortal = 21AF952F2C26EEAE002E6CFA /* Project object */;
			proxyType = 1;
			remoteGlobalIDString = 21AF95362C26EEAE002E6CFA;
			remoteInfo = Counter;
		};
		21AF95582C26EEAF002E6CFA /* PBXContainerItemProxy */ = {
			isa = PBXContainerItemProxy;
			containerPortal = 21AF952F2C26EEAE002E6CFA /* Project object */;
			proxyType = 1;
			remoteGlobalIDString = 21AF95362C26EEAE002E6CFA;
			remoteInfo = Counter;
		};
/* End PBXContainerItemProxy section */

/* Begin PBXFileReference section */
		21AF95372C26EEAE002E6CFA /* Counter.app */ = {isa = PBXFileReference; explicitFileType = wrapper.application; includeInIndex = 0; path = Counter.app; sourceTree = BUILT_PRODUCTS_DIR; };
		21AF953A2C26EEAE002E6CFA /* AppDelegate.swift */ = {isa = PBXFileReference; lastKnownFileType = sourcecode.swift; path = AppDelegate.swift; sourceTree = "<group>"; };
		21AF953C2C26EEAE002E6CFA /* SceneDelegate.swift */ = {isa = PBXFileReference; lastKnownFileType = sourcecode.swift; path = SceneDelegate.swift; sourceTree = "<group>"; };
		21AF953E2C26EEAE002E6CFA /* ViewController.swift */ = {isa = PBXFileReference; lastKnownFileType = sourcecode.swift; path = ViewController.swift; sourceTree = "<group>"; };
		21AF95412C26EEAE002E6CFA /* Base */ = {isa = PBXFileReference; lastKnownFileType = file.storyboard; name = Base; path = Base.lproj/Main.storyboard; sourceTree = "<group>"; };
		21AF95432C26EEAF002E6CFA /* Assets.xcassets */ = {isa = PBXFileReference; lastKnownFileType = folder.assetcatalog; path = Assets.xcassets; sourceTree = "<group>"; };
		21AF95462C26EEAF002E6CFA /* Base */ = {isa = PBXFileReference; lastKnownFileType = file.storyboard; name = Base; path = Base.lproj/LaunchScreen.storyboard; sourceTree = "<group>"; };
		21AF95482C26EEAF002E6CFA /* Info.plist */ = {isa = PBXFileReference; lastKnownFileType = text.plist.xml; path = Info.plist; sourceTree = "<group>"; };
		21AF954D2C26EEAF002E6CFA /* CounterTests.xctest */ = {isa = PBXFileReference; explicitFileType = wrapper.cfbundle; includeInIndex = 0; path = CounterTests.xctest; sourceTree = BUILT_PRODUCTS_DIR; };
		21AF95512C26EEAF002E6CFA /* CounterTests.swift */ = {isa = PBXFileReference; lastKnownFileType = sourcecode.swift; path = CounterTests.swift; sourceTree = "<group>"; };
		21AF95572C26EEAF002E6CFA /* CounterUITests.xctest */ = {isa = PBXFileReference; explicitFileType = wrapper.cfbundle; includeInIndex = 0; path = CounterUITests.xctest; sourceTree = BUILT_PRODUCTS_DIR; };
		21AF955B2C26EEAF002E6CFA /* CounterUITests.swift */ = {isa = PBXFileReference; lastKnownFileType = sourcecode.swift; path = CounterUITests.swift; sourceTree = "<group>"; };
		21AF955D2C26EEAF002E6CFA /* CounterUITestsLaunchTests.swift */ = {isa = PBXFileReference; lastKnownFileType = sourcecode.swift; path = CounterUITestsLaunchTests.swift; sourceTree = "<group>"; };
/* End PBXFileReference section */

/* Begin PBXFrameworksBuildPhase section */
		21AF95342C26EEAE002E6CFA /* Frameworks */ = {
			isa = PBXFrameworksBuildPhase;
			buildActionMask = 2147483647;
			files = (
			);
			runOnlyForDeploymentPostprocessing = 0;
		};
		21AF954A2C26EEAF002E6CFA /* Frameworks */ = {
			isa = PBXFrameworksBuildPhase;
			buildActionMask = 2147483647;
			files = (
			);
			runOnlyForDeploymentPostprocessing = 0;
		};
		21AF95542C26EEAF002E6CFA /* Frameworks */ = {
			isa = PBXFrameworksBuildPhase;
			buildActionMask = 2147483647;
			files = (
			);
			runOnlyForDeploymentPostprocessing = 0;
		};
/* End PBXFrameworksBuildPhase section */

/* Begin PBXGroup section */
		21AF952E2C26EEAE002E6CFA = {
			isa = PBXGroup;
			children = (
				21AF95392C26EEAE002E6CFA /* Counter */,
				21AF95502C26EEAF002E6CFA /* CounterTests */,
				21AF955A2C26EEAF002E6CFA /* CounterUITests */,
				21AF95382C26EEAE002E6CFA /* Products */,
			);
			sourceTree = "<group>";
		};
		21AF95382C26EEAE002E6CFA /* Products */ = {
			isa = PBXGroup;
			children = (
				21AF95372C26EEAE002E6CFA /* Counter.app */,
				21AF954D2C26EEAF002E6CFA /* CounterTests.xctest */,
				21AF95572C26EEAF002E6CFA /* CounterUITests.xctest */,
			);
			name = Products;
			sourceTree = "<group>";
		};
		21AF95392C26EEAE002E6CFA /* Counter */ = {
			isa = PBXGroup;
			children = (
				21AF953A2C26EEAE002E6CFA /* AppDelegate.swift */,
				21AF953C2C26EEAE002E6CFA /* SceneDelegate.swift */,
				21AF953E2C26EEAE002E6CFA /* ViewController.swift */,
				21AF95402C26EEAE002E6CFA /* Main.storyboard */,
				21AF95432C26EEAF002E6CFA /* Assets.xcassets */,
				21AF95452C26EEAF002E6CFA /* LaunchScreen.storyboard */,
				21AF95482C26EEAF002E6CFA /* Info.plist */,
			);
			path = Counter;
			sourceTree = "<group>";
		};
		21AF95502C26EEAF002E6CFA /* CounterTests */ = {
			isa = PBXGroup;
			children = (
				21AF95512C26EEAF002E6CFA /* CounterTests.swift */,
			);
			path = CounterTests;
			sourceTree = "<group>";
		};
		21AF955A2C26EEAF002E6CFA /* CounterUITests */ = {
			isa = PBXGroup;
			children = (
				21AF955B2C26EEAF002E6CFA /* CounterUITests.swift */,
				21AF955D2C26EEAF002E6CFA /* CounterUITestsLaunchTests.swift */,
			);
			path = CounterUITests;
			sourceTree = "<group>";
		};
/* End PBXGroup section */

/* Begin PBXNativeTarget section */
		21AF95362C26EEAE002E6CFA /* Counter */ = {
			isa = PBXNativeTarget;
			buildConfigurationList = 21AF95612C26EEAF002E6CFA /* Build configuration list for PBXNativeTarget "Counter" */;
			buildPhases = (
				21AF95332C26EEAE002E6CFA /* Sources */,
				21AF95342C26EEAE002E6CFA /* Frameworks */,
				21AF95352C26EEAE002E6CFA /* Resources */,
			);
			buildRules = (
			);
			dependencies = (
			);
			name = Counter;
			productName = Counter;
			productReference = 21AF95372C26EEAE002E6CFA /* Counter.app */;
			productType = "com.apple.product-type.application";
		};
		21AF954C2C26EEAF002E6CFA /* CounterTests */ = {
			isa = PBXNativeTarget;
			buildConfigurationList = 21AF95642C26EEAF002E6CFA /* Build configuration list for PBXNativeTarget "CounterTests" */;
			buildPhases = (
				21AF95492C26EEAF002E6CFA /* Sources */,
				21AF954A2C26EEAF002E6CFA /* Frameworks */,
				21AF954B2C26EEAF002E6CFA /* Resources */,
			);
			buildRules = (
			);
			dependencies = (
				21AF954F2C26EEAF002E6CFA /* PBXTargetDependency */,
			);
			name = CounterTests;
			productName = CounterTests;
			productReference = 21AF954D2C26EEAF002E6CFA /* CounterTests.xctest */;
			productType = "com.apple.product-type.bundle.unit-test";
		};
		21AF95562C26EEAF002E6CFA /* CounterUITests */ = {
			isa = PBXNativeTarget;
			buildConfigurationList = 21AF95672C26EEAF002E6CFA /* Build configuration list for PBXNativeTarget "CounterUITests" */;
			buildPhases = (
				21AF95532C26EEAF002E6CFA /* Sources */,
				21AF95542C26EEAF002E6CFA /* Frameworks */,
				21AF95552C26EEAF002E6CFA /* Resources */,
			);
			buildRules = (
			);
			dependencies = (
				21AF95592C26EEAF002E6CFA /* PBXTargetDependency */,
			);
			name = CounterUITests;
			productName = CounterUITests;
			productReference = 21AF95572C26EEAF002E6CFA /* CounterUITests.xctest */;
			productType = "com.apple.product-type.bundle.ui-testing";
		};
/* End PBXNativeTarget section */

/* Begin PBXProject section */
		21AF952F2C26EEAE002E6CFA /* Project object */ = {
			isa = PBXProject;
			attributes = {
				BuildIndependentTargetsInParallel = 1;
				LastSwiftUpdateCheck = 1530;
				LastUpgradeCheck = 1530;
				TargetAttributes = {
					21AF95362C26EEAE002E6CFA = {
						CreatedOnToolsVersion = 15.3;
					};
					21AF954C2C26EEAF002E6CFA = {
						CreatedOnToolsVersion = 15.3;
						TestTargetID = 21AF95362C26EEAE002E6CFA;
					};
					21AF95562C26EEAF002E6CFA = {
						CreatedOnToolsVersion = 15.3;
						TestTargetID = 21AF95362C26EEAE002E6CFA;
					};
				};
			};
			buildConfigurationList = 21AF95322C26EEAE002E6CFA /* Build configuration list for PBXProject "Counter" */;
			compatibilityVersion = "Xcode 14.0";
			developmentRegion = en;
			hasScannedForEncodings = 0;
			knownRegions = (
				en,
				Base,
			);
			mainGroup = 21AF952E2C26EEAE002E6CFA;
			productRefGroup = 21AF95382C26EEAE002E6CFA /* Products */;
			projectDirPath = "";
			projectRoot = "";
			targets = (
				21AF95362C26EEAE002E6CFA /* Counter */,
				21AF954C2C26EEAF002E6CFA /* CounterTests */,
				21AF95562C26EEAF002E6CFA /* CounterUITests */,
			);
		};
/* End PBXProject section */

/* Begin PBXResourcesBuildPhase section */
		21AF95352C26EEAE002E6CFA /* Resources */ = {
			isa = PBXResourcesBuildPhase;
			buildActionMask = 2147483647;
			files = (
				21AF95442C26EEAF002E6CFA /* Assets.xcassets in Resources */,
				21AF95472C26EEAF002E6CFA /* Base in Resources */,
				21AF95422C26EEAE002E6CFA /* Base in Resources */,
			);
			runOnlyForDeploymentPostprocessing = 0;
		};
		21AF954B2C26EEAF002E6CFA /* Resources */ = {
			isa = PBXResourcesBuildPhase;
			buildActionMask = 2147483647;
			files = (
			);
			runOnlyForDeploymentPostprocessing = 0;
		};
		21AF95552C26EEAF002E6CFA /* Resources */ = {
			isa = PBXResourcesBuildPhase;
			buildActionMask = 2147483647;
			files = (
			);
			runOnlyForDeploymentPostprocessing = 0;
		};
/* End PBXResourcesBuildPhase section */

/* Begin PBXSourcesBuildPhase section */
		21AF95332C26EEAE002E6CFA /* Sources */ = {
			isa = PBXSourcesBuildPhase;
			buildActionMask = 2147483647;
			files = (
				21AF953F2C26EEAE002E6CFA /* ViewController.swift in Sources */,
				21AF953B2C26EEAE002E6CFA /* AppDelegate.swift in Sources */,
				21AF953D2C26EEAE002E6CFA /* SceneDelegate.swift in Sources */,
			);
			runOnlyForDeploymentPostprocessing = 0;
		};
		21AF95492C26EEAF002E6CFA /* Sources */ = {
			isa = PBXSourcesBuildPhase;
			buildActionMask = 2147483647;
			files = (
				21AF95522C26EEAF002E6CFA /* CounterTests.swift in Sources */,
			);
			runOnlyForDeploymentPostprocessing = 0;
		};
		21AF95532C26EEAF002E6CFA /* Sources */ = {
			isa = PBXSourcesBuildPhase;
			buildActionMask = 2147483647;
			files = (
				21AF955C2C26EEAF002E6CFA /* CounterUITests.swift in Sources */,
				21AF955E2C26EEAF002E6CFA /* CounterUITestsLaunchTests.swift in Sources */,
			);
			runOnlyForDeploymentPostprocessing = 0;
		};
/* End PBXSourcesBuildPhase section */

/* Begin PBXTargetDependency section */
		21AF954F2C26EEAF002E6CFA /* PBXTargetDependency */ = {
			isa = PBXTargetDependency;
			target = 21AF95362C26EEAE002E6CFA /* Counter */;
			targetProxy = 21AF954E2C26EEAF002E6CFA /* PBXContainerItemProxy */;
		};
		21AF95592C26EEAF002E6CFA /* PBXTargetDependency */ = {
			isa = PBXTargetDependency;
			target = 21AF95362C26EEAE002E6CFA /* Counter */;
			targetProxy = 21AF95582C26EEAF002E6CFA /* PBXContainerItemProxy */;
		};
/* End PBXTargetDependency section */

/* Begin PBXVariantGroup section */
		21AF95402C26EEAE002E6CFA /* Main.storyboard */ = {
			isa = PBXVariantGroup;
			children = (
				21AF95412C26EEAE002E6CFA /* Base */,
			);
			name = Main.storyboard;
			sourceTree = "<group>";
		};
		21AF95452C26EEAF002E6CFA /* LaunchScreen.storyboard */ = {
			isa = PBXVariantGroup;
			children = (
				21AF95462C26EEAF002E6CFA /* Base */,
			);
			name = LaunchScreen.storyboard;
			sourceTree = "<group>";
		};
/* End PBXVariantGroup section */

/* Begin XCBuildConfiguration section */
		21AF955F2C26EEAF002E6CFA /* Debug */ = {
			isa = XCBuildConfiguration;
			buildSettings = {
				ALWAYS_SEARCH_USER_PATHS = NO;
				ASSETCATALOG_COMPILER_GENERATE_SWIFT_ASSET_SYMBOL_EXTENSIONS = YES;
				CLANG_ANALYZER_NONNULL = YES;
				CLANG_ANALYZER_NUMBER_OBJECT_CONVERSION = YES_AGGRESSIVE;
				CLANG_CXX_LANGUAGE_STANDARD = "gnu++20";
				CLANG_ENABLE_MODULES = YES;
				CLANG_ENABLE_OBJC_ARC = YES;
				CLANG_ENABLE_OBJC_WEAK = YES;
				CLANG_WARN_BLOCK_CAPTURE_AUTORELEASING = YES;
				CLANG_WARN_BOOL_CONVERSION = YES;
				CLANG_WARN_COMMA = YES;
				CLANG_WARN_CONSTANT_CONVERSION = YES;
				CLANG_WARN_DEPRECATED_OBJC_IMPLEMENTATIONS = YES;
				CLANG_WARN_DIRECT_OBJC_ISA_USAGE = YES_ERROR;
				CLANG_WARN_DOCUMENTATION_COMMENTS = YES;
				CLANG_WARN_EMPTY_BODY = YES;
				CLANG_WARN_ENUM_CONVERSION = YES;
				CLANG_WARN_INFINITE_RECURSION = YES;
				CLANG_WARN_INT_CONVERSION = YES;
				CLANG_WARN_NON_LITERAL_NULL_CONVERSION = YES;
				CLANG_WARN_OBJC_IMPLICIT_RETAIN_SELF = YES;
				CLANG_WARN_OBJC_LITERAL_CONVERSION = YES;
				CLANG_WARN_OBJC_ROOT_CLASS = YES_ERROR;
				CLANG_WARN_QUOTED_INCLUDE_IN_FRAMEWORK_HEADER = YES;
				CLANG_WARN_RANGE_LOOP_ANALYSIS = YES;
				CLANG_WARN_STRICT_PROTOTYPES = YES;
				CLANG_WARN_SUSPICIOUS_MOVE = YES;
				CLANG_WARN_UNGUARDED_AVAILABILITY = YES_AGGRESSIVE;
				CLANG_WARN_UNREACHABLE_CODE = YES;
				CLANG_WARN__DUPLICATE_METHOD_MATCH = YES;
				COPY_PHASE_STRIP = NO;
				DEBUG_INFORMATION_FORMAT = dwarf;
				ENABLE_STRICT_OBJC_MSGSEND = YES;
				ENABLE_TESTABILITY = YES;
				ENABLE_USER_SCRIPT_SANDBOXING = YES;
				GCC_C_LANGUAGE_STANDARD = gnu17;
				GCC_DYNAMIC_NO_PIC = NO;
				GCC_NO_COMMON_BLOCKS = YES;
				GCC_OPTIMIZATION_LEVEL = 0;
				GCC_PREPROCESSOR_DEFINITIONS = (
					"DEBUG=1",
					"$(inherited)",
				);
				GCC_WARN_64_TO_32_BIT_CONVERSION = YES;
				GCC_WARN_ABOUT_RETURN_TYPE = YES_ERROR;
				GCC_WARN_UNDECLARED_SELECTOR = YES;
				GCC_WARN_UNINITIALIZED_AUTOS = YES_AGGRESSIVE;
				GCC_WARN_UNUSED_FUNCTION = YES;
				GCC_WARN_UNUSED_VARIABLE = YES;
				IPHONEOS_DEPLOYMENT_TARGET = 17.4;
				LOCALIZATION_PREFERS_STRING_CATALOGS = YES;
				MTL_ENABLE_DEBUG_INFO = INCLUDE_SOURCE;
				MTL_FAST_MATH = YES;
				ONLY_ACTIVE_ARCH = YES;
				SDKROOT = iphoneos;
				SWIFT_ACTIVE_COMPILATION_CONDITIONS = "DEBUG $(inherited)";
				SWIFT_OPTIMIZATION_LEVEL = "-Onone";
			};
			name = Debug;
		};
		21AF95602C26EEAF002E6CFA /* Release */ = {
			isa = XCBuildConfiguration;
			buildSettings = {
				ALWAYS_SEARCH_USER_PATHS = NO;
				ASSETCATALOG_COMPILER_GENERATE_SWIFT_ASSET_SYMBOL_EXTENSIONS = YES;
				CLANG_ANALYZER_NONNULL = YES;
				CLANG_ANALYZER_NUMBER_OBJECT_CONVERSION = YES_AGGRESSIVE;
				CLANG_CXX_LANGUAGE_STANDARD = "gnu++20";
				CLANG_ENABLE_MODULES = YES;
				CLANG_ENABLE_OBJC_ARC = YES;
				CLANG_ENABLE_OBJC_WEAK = YES;
				CLANG_WARN_BLOCK_CAPTURE_AUTORELEASING = YES;
				CLANG_WARN_BOOL_CONVERSION = YES;
				CLANG_WARN_COMMA = YES;
				CLANG_WARN_CONSTANT_CONVERSION = YES;
				CLANG_WARN_DEPRECATED_OBJC_IMPLEMENTATIONS = YES;
				CLANG_WARN_DIRECT_OBJC_ISA_USAGE = YES_ERROR;
				CLANG_WARN_DOCUMENTATION_COMMENTS = YES;
				CLANG_WARN_EMPTY_BODY = YES;
				CLANG_WARN_ENUM_CONVERSION = YES;
				CLANG_WARN_INFINITE_RECURSION = YES;
				CLANG_WARN_INT_CONVERSION = YES;
				CLANG_WARN_NON_LITERAL_NULL_CONVERSION = YES;
				CLANG_WARN_OBJC_IMPLICIT_RETAIN_SELF = YES;
				CLANG_WARN_OBJC_LITERAL_CONVERSION = YES;
				CLANG_WARN_OBJC_ROOT_CLASS = YES_ERROR;
				CLANG_WARN_QUOTED_INCLUDE_IN_FRAMEWORK_HEADER = YES;
				CLANG_WARN_RANGE_LOOP_ANALYSIS = YES;
				CLANG_WARN_STRICT_PROTOTYPES = YES;
				CLANG_WARN_SUSPICIOUS_MOVE = YES;
				CLANG_WARN_UNGUARDED_AVAILABILITY = YES_AGGRESSIVE;
				CLANG_WARN_UNREACHABLE_CODE = YES;
				CLANG_WARN__DUPLICATE_METHOD_MATCH = YES;
				COPY_PHASE_STRIP = NO;
				DEBUG_INFORMATION_FORMAT = "dwarf-with-dsym";
				ENABLE_NS_ASSERTIONS = NO;
				ENABLE_STRICT_OBJC_MSGSEND = YES;
				ENABLE_USER_SCRIPT_SANDBOXING = YES;
				GCC_C_LANGUAGE_STANDARD = gnu17;
				GCC_NO_COMMON_BLOCKS = YES;
				GCC_WARN_64_TO_32_BIT_CONVERSION = YES;
				GCC_WARN_ABOUT_RETURN_TYPE = YES_ERROR;
				GCC_WARN_UNDECLARED_SELECTOR = YES;
				GCC_WARN_UNINITIALIZED_AUTOS = YES_AGGRESSIVE;
				GCC_WARN_UNUSED_FUNCTION = YES;
				GCC_WARN_UNUSED_VARIABLE = YES;
				IPHONEOS_DEPLOYMENT_TARGET = 17.4;
				LOCALIZATION_PREFERS_STRING_CATALOGS = YES;
				MTL_ENABLE_DEBUG_INFO = NO;
				MTL_FAST_MATH = YES;
				SDKROOT = iphoneos;
				SWIFT_COMPILATION_MODE = wholemodule;
				VALIDATE_PRODUCT = YES;
			};
			name = Release;
		};
		21AF95622C26EEAF002E6CFA /* Debug */ = {
			isa = XCBuildConfiguration;
			buildSettings = {
				ASSETCATALOG_COMPILER_APPICON_NAME = AppIcon;
				ASSETCATALOG_COMPILER_GLOBAL_ACCENT_COLOR_NAME = AccentColor;
				CODE_SIGN_STYLE = Automatic;
				CURRENT_PROJECT_VERSION = 1;
				DEVELOPMENT_TEAM = 5YC8WG59V5;
				GENERATE_INFOPLIST_FILE = YES;
				INFOPLIST_FILE = Counter/Info.plist;
				INFOPLIST_KEY_UIApplicationSupportsIndirectInputEvents = YES;
				INFOPLIST_KEY_UILaunchStoryboardName = LaunchScreen;
				INFOPLIST_KEY_UIMainStoryboardFile = Main;
				INFOPLIST_KEY_UISupportedInterfaceOrientations_iPad = "UIInterfaceOrientationPortrait UIInterfaceOrientationPortraitUpsideDown UIInterfaceOrientationLandscapeLeft UIInterfaceOrientationLandscapeRight";
				INFOPLIST_KEY_UISupportedInterfaceOrientations_iPhone = "UIInterfaceOrientationPortrait UIInterfaceOrientationLandscapeLeft UIInterfaceOrientationLandscapeRight";
				LD_RUNPATH_SEARCH_PATHS = (
					"$(inherited)",
					"@executable_path/Frameworks",
				);
				MARKETING_VERSION = 1.0;
				PRODUCT_BUNDLE_IDENTIFIER = com.islamt.Counter;
				PRODUCT_NAME = "$(TARGET_NAME)";
				SWIFT_EMIT_LOC_STRINGS = YES;
				SWIFT_VERSION = 5.0;
				TARGETED_DEVICE_FAMILY = "1,2";
			};
			name = Debug;
		};
		21AF95632C26EEAF002E6CFA /* Release */ = {
			isa = XCBuildConfiguration;
			buildSettings = {
				ASSETCATALOG_COMPILER_APPICON_NAME = AppIcon;
				ASSETCATALOG_COMPILER_GLOBAL_ACCENT_COLOR_NAME = AccentColor;
				CODE_SIGN_STYLE = Automatic;
				CURRENT_PROJECT_VERSION = 1;
				DEVELOPMENT_TEAM = 5YC8WG59V5;
				GENERATE_INFOPLIST_FILE = YES;
				INFOPLIST_FILE = Counter/Info.plist;
				INFOPLIST_KEY_UIApplicationSupportsIndirectInputEvents = YES;
				INFOPLIST_KEY_UILaunchStoryboardName = LaunchScreen;
				INFOPLIST_KEY_UIMainStoryboardFile = Main;
				INFOPLIST_KEY_UISupportedInterfaceOrientations_iPad = "UIInterfaceOrientationPortrait UIInterfaceOrientationPortraitUpsideDown UIInterfaceOrientationLandscapeLeft UIInterfaceOrientationLandscapeRight";
				INFOPLIST_KEY_UISupportedInterfaceOrientations_iPhone = "UIInterfaceOrientationPortrait UIInterfaceOrientationLandscapeLeft UIInterfaceOrientationLandscapeRight";
				LD_RUNPATH_SEARCH_PATHS = (
					"$(inherited)",
					"@executable_path/Frameworks",
				);
				MARKETING_VERSION = 1.0;
				PRODUCT_BUNDLE_IDENTIFIER = com.islamt.Counter;
				PRODUCT_NAME = "$(TARGET_NAME)";
				SWIFT_EMIT_LOC_STRINGS = YES;
				SWIFT_VERSION = 5.0;
				TARGETED_DEVICE_FAMILY = "1,2";
			};
			name = Release;
		};
		21AF95652C26EEAF002E6CFA /* Debug */ = {
			isa = XCBuildConfiguration;
			buildSettings = {
				ALWAYS_EMBED_SWIFT_STANDARD_LIBRARIES = YES;
				BUNDLE_LOADER = "$(TEST_HOST)";
				CODE_SIGN_STYLE = Automatic;
				CURRENT_PROJECT_VERSION = 1;
				DEVELOPMENT_TEAM = 5YC8WG59V5;
				GENERATE_INFOPLIST_FILE = YES;
				IPHONEOS_DEPLOYMENT_TARGET = 17.4;
				MARKETING_VERSION = 1.0;
				PRODUCT_BUNDLE_IDENTIFIER = com.islamt.CounterTests;
				PRODUCT_NAME = "$(TARGET_NAME)";
				SWIFT_EMIT_LOC_STRINGS = NO;
				SWIFT_VERSION = 5.0;
				TARGETED_DEVICE_FAMILY = "1,2";
				TEST_HOST = "$(BUILT_PRODUCTS_DIR)/Counter.app/$(BUNDLE_EXECUTABLE_FOLDER_PATH)/Counter";
			};
			name = Debug;
		};
		21AF95662C26EEAF002E6CFA /* Release */ = {
			isa = XCBuildConfiguration;
			buildSettings = {
				ALWAYS_EMBED_SWIFT_STANDARD_LIBRARIES = YES;
				BUNDLE_LOADER = "$(TEST_HOST)";
				CODE_SIGN_STYLE = Automatic;
				CURRENT_PROJECT_VERSION = 1;
				DEVELOPMENT_TEAM = 5YC8WG59V5;
				GENERATE_INFOPLIST_FILE = YES;
				IPHONEOS_DEPLOYMENT_TARGET = 17.4;
				MARKETING_VERSION = 1.0;
				PRODUCT_BUNDLE_IDENTIFIER = com.islamt.CounterTests;
				PRODUCT_NAME = "$(TARGET_NAME)";
				SWIFT_EMIT_LOC_STRINGS = NO;
				SWIFT_VERSION = 5.0;
				TARGETED_DEVICE_FAMILY = "1,2";
				TEST_HOST = "$(BUILT_PRODUCTS_DIR)/Counter.app/$(BUNDLE_EXECUTABLE_FOLDER_PATH)/Counter";
			};
			name = Release;
		};
		21AF95682C26EEAF002E6CFA /* Debug */ = {
			isa = XCBuildConfiguration;
			buildSettings = {
				ALWAYS_EMBED_SWIFT_STANDARD_LIBRARIES = YES;
				CODE_SIGN_STYLE = Automatic;
				CURRENT_PROJECT_VERSION = 1;
				DEVELOPMENT_TEAM = 5YC8WG59V5;
				GENERATE_INFOPLIST_FILE = YES;
				MARKETING_VERSION = 1.0;
				PRODUCT_BUNDLE_IDENTIFIER = com.islamt.CounterUITests;
				PRODUCT_NAME = "$(TARGET_NAME)";
				SWIFT_EMIT_LOC_STRINGS = NO;
				SWIFT_VERSION = 5.0;
				TARGETED_DEVICE_FAMILY = "1,2";
				TEST_TARGET_NAME = Counter;
			};
			name = Debug;
		};
		21AF95692C26EEAF002E6CFA /* Release */ = {
			isa = XCBuildConfiguration;
			buildSettings = {
				ALWAYS_EMBED_SWIFT_STANDARD_LIBRARIES = YES;
				CODE_SIGN_STYLE = Automatic;
				CURRENT_PROJECT_VERSION = 1;
				DEVELOPMENT_TEAM = 5YC8WG59V5;
				GENERATE_INFOPLIST_FILE = YES;
				MARKETING_VERSION = 1.0;
				PRODUCT_BUNDLE_IDENTIFIER = com.islamt.CounterUITests;
				PRODUCT_NAME = "$(TARGET_NAME)";
				SWIFT_EMIT_LOC_STRINGS = NO;
				SWIFT_VERSION = 5.0;
				TARGETED_DEVICE_FAMILY = "1,2";
				TEST_TARGET_NAME = Counter;
			};
			name = Release;
		};
/* End XCBuildConfiguration section */

/* Begin XCConfigurationList section */
		21AF95322C26EEAE002E6CFA /* Build configuration list for PBXProject "Counter" */ = {
			isa = XCConfigurationList;
			buildConfigurations = (
				21AF955F2C26EEAF002E6CFA /* Debug */,
				21AF95602C26EEAF002E6CFA /* Release */,
			);
			defaultConfigurationIsVisible = 0;
			defaultConfigurationName = Release;
		};
		21AF95612C26EEAF002E6CFA /* Build configuration list for PBXNativeTarget "Counter" */ = {
			isa = XCConfigurationList;
			buildConfigurations = (
				21AF95622C26EEAF002E6CFA /* Debug */,
				21AF95632C26EEAF002E6CFA /* Release */,
			);
			defaultConfigurationIsVisible = 0;
			defaultConfigurationName = Release;
		};
		21AF95642C26EEAF002E6CFA /* Build configuration list for PBXNativeTarget "CounterTests" */ = {
			isa = XCConfigurationList;
			buildConfigurations = (
				21AF95652C26EEAF002E6CFA /* Debug */,
				21AF95662C26EEAF002E6CFA /* Release */,
			);
			defaultConfigurationIsVisible = 0;
			defaultConfigurationName = Release;
		};
		21AF95672C26EEAF002E6CFA /* Build configuration list for PBXNativeTarget "CounterUITests" */ = {
			isa = XCConfigurationList;
			buildConfigurations = (
				21AF95682C26EEAF002E6CFA /* Debug */,
				21AF95692C26EEAF002E6CFA /* Release */,
			);
			defaultConfigurationIsVisible = 0;
			defaultConfigurationName = Release;
		};
/* End XCConfigurationList section */
	};
	rootObject = 21AF952F2C26EEAE002E6CFA /* Project object */;
}
